{
  "name": "expunge-vt",
  "version": "1.0.0",
  "lockfileVersion": 1,
  "requires": true,
  "dependencies": {
    "is-wsl": {
      "version": "1.1.0",
      "resolved": "https://registry.npmjs.org/is-wsl/-/is-wsl-1.1.0.tgz",
      "integrity": "sha1-HxbkqiKwTRM2tmGIpmrzxgDDpm0=",
      "dev": true
    },
    "log-prefix": {
      "version": "0.1.1",
      "resolved": "https://registry.npmjs.org/log-prefix/-/log-prefix-0.1.1.tgz",
      "integrity": "sha512-aP1Lst8OCdZKATqzXDN0JBissNVZuiKLyo6hOXDBxaQ1jHDsaxh2J1i5Pp0zMy6ayTKDWfUlLMXyLaQe1PJ48g==",
      "dev": true
    },
    "log-timestamp": {
      "version": "0.3.0",
      "resolved": "https://registry.npmjs.org/log-timestamp/-/log-timestamp-0.3.0.tgz",
      "integrity": "sha512-luRz6soxijd1aJh0GkLXFjKABihxthvTfWTzu3XhCgg5EivG2bsTpSd63QFbUgS+/KmFtL+0RfSpeaD2QvOV8Q==",
      "dev": true,
      "requires": {
        "log-prefix": "0.1.1"
      }
    },
    "open": {
      "version": "6.2.0",
      "resolved": "https://registry.npmjs.org/open/-/open-6.2.0.tgz",
      "integrity": "sha512-Vxf6HJkwrqmvh9UAID3MnMYXntbTxKLOSfOnO7LJdzPf3NE3KQYFNV0/Lcz2VAndbRFil58XVCyh8tiX11fiYw==",
      "dev": true,
      "requires": {
        "is-wsl": "1.1.0"
      }
    }
  }
}
